
Microsoft Visual Studio Solution File, Format Version 12.00
# Visual Studio 15
VisualStudioVersion = 15.0.28010.2003
MinimumVisualStudioVersion = 10.0.40219.1
Project("{FAE04EC0-301F-11D3-BF4B-00C04F79EFBC}") = "exercicio7_lista6", "exercicio7_lista6\exercicio7_lista6.csproj", "{A6AAF0E7-0562-49C8-B6EA-6D122C1F134E}"
EndProject
Global
	GlobalSection(SolutionConfigurationPlatforms) = preSolution
		Debug|Any CPU = Debug|Any CPU
		Release|Any CPU = Release|Any CPU
	EndGlobalSection
	GlobalSection(ProjectConfigurationPlatforms) = postSolution
		{A6AAF0E7-0562-49C8-B6EA-6D122C1F134E}.Debug|Any CPU.ActiveCfg = Debug|Any CPU
		{A6AAF0E7-0562-49C8-B6EA-6D122C1F134E}.Debug|Any CPU.Build.0 = Debug|Any CPU
		{A6AAF0E7-0562-49C8-B6EA-6D122C1F134E}.Release|Any CPU.ActiveCfg = Release|Any CPU
		{A6AAF0E7-0562-49C8-B6EA-6D122C1F134E}.Release|Any CPU.Build.0 = Release|Any CPU
	EndGlobalSection
	GlobalSection(SolutionProperties) = preSolution
		HideSolutionNode = FALSE
	EndGlobalSection
	GlobalSection(ExtensibilityGlobals) = postSolution
		SolutionGuid = {D12A7B48-9325-453F-BBCB-729FE582711C}
	EndGlobalSection
EndGlobal
