
Microsoft Visual Studio Solution File, Format Version 12.00
# Visual Studio 15
VisualStudioVersion = 15.0.27703.2047
MinimumVisualStudioVersion = 10.0.40219.1
Project("{FAE04EC0-301F-11D3-BF4B-00C04F79EFBC}") = "exercicio4_lista6", "exercicio4_lista6\exercicio4_lista6.csproj", "{1271979E-5B45-4076-873B-52DD3EA103D6}"
EndProject
Global
	GlobalSection(SolutionConfigurationPlatforms) = preSolution
		Debug|Any CPU = Debug|Any CPU
		Release|Any CPU = Release|Any CPU
	EndGlobalSection
	GlobalSection(ProjectConfigurationPlatforms) = postSolution
		{1271979E-5B45-4076-873B-52DD3EA103D6}.Debug|Any CPU.ActiveCfg = Debug|Any CPU
		{1271979E-5B45-4076-873B-52DD3EA103D6}.Debug|Any CPU.Build.0 = Debug|Any CPU
		{1271979E-5B45-4076-873B-52DD3EA103D6}.Release|Any CPU.ActiveCfg = Release|Any CPU
		{1271979E-5B45-4076-873B-52DD3EA103D6}.Release|Any CPU.Build.0 = Release|Any CPU
	EndGlobalSection
	GlobalSection(SolutionProperties) = preSolution
		HideSolutionNode = FALSE
	EndGlobalSection
	GlobalSection(ExtensibilityGlobals) = postSolution
		SolutionGuid = {E7D7A374-4AEA-4366-927A-69393B7F2F1D}
	EndGlobalSection
EndGlobal
